
Microsoft Visual Studio Solution File, Format Version 12.00
# Visual Studio 15
VisualStudioVersion = 15.0.28307.779
MinimumVisualStudioVersion = 10.0.40219.1
Project("{FAE04EC0-301F-11D3-BF4B-00C04F79EFBC}") = "UpdateLib", "UpdateLib\UpdateLib.csproj", "{5BEAA4A3-FB35-4B12-AE46-39059D93FB04}"
EndProject
Project("{FAE04EC0-301F-11D3-BF4B-00C04F79EFBC}") = "UpdateLib.Tests", "..\UpdateLib.Tests\UpdateLib.Tests.csproj", "{4AE2D05E-E25E-46CB-8185-0517E97409E9}"
EndProject
Global
	GlobalSection(SolutionConfigurationPlatforms) = preSolution
		Debug|Any CPU = Debug|Any CPU
		Release|Any CPU = Release|Any CPU
	EndGlobalSection
	GlobalSection(ProjectConfigurationPlatforms) = postSolution
		{5BEAA4A3-FB35-4B12-AE46-39059D93FB04}.Debug|Any CPU.ActiveCfg = Debug|Any CPU
		{5BEAA4A3-FB35-4B12-AE46-39059D93FB04}.Debug|Any CPU.Build.0 = Debug|Any CPU
		{5BEAA4A3-FB35-4B12-AE46-39059D93FB04}.Release|Any CPU.ActiveCfg = Release|Any CPU
		{5BEAA4A3-FB35-4B12-AE46-39059D93FB04}.Release|Any CPU.Build.0 = Release|Any CPU
		{4AE2D05E-E25E-46CB-8185-0517E97409E9}.Debug|Any CPU.ActiveCfg = Debug|Any CPU
		{4AE2D05E-E25E-46CB-8185-0517E97409E9}.Debug|Any CPU.Build.0 = Debug|Any CPU
		{4AE2D05E-E25E-46CB-8185-0517E97409E9}.Release|Any CPU.ActiveCfg = Release|Any CPU
		{4AE2D05E-E25E-46CB-8185-0517E97409E9}.Release|Any CPU.Build.0 = Release|Any CPU
	EndGlobalSection
	GlobalSection(SolutionProperties) = preSolution
		HideSolutionNode = FALSE
	EndGlobalSection
	GlobalSection(ExtensibilityGlobals) = postSolution
		SolutionGuid = {C112616D-2799-4EAD-8784-8B329A71BF74}
	EndGlobalSection
EndGlobal
